version = 1
revision = 3
requires-python = ">=3.10"
resolution-markers = [
    "python_full_version >= '3.11'",
    "python_full_version < '3.11'",
]

[[package]]
name = "annotated-doc"
version = "0.0.4"
source = { registry = "https://pypi.org/simple" }
sdist = { url = "https://files.pythonhosted.org/packages/57/ba/046ceea27344560984e26a590f90bc7f4a75b06701f653222458922b558c/annotated_doc-0.0.4.tar.gz", hash = "sha256:fbcda96e87e9c92ad167c2e53839e57503ecfda18804ea28102353485033faa4", size = 7288, upload-time = "2025-11-10T22:07:42.062Z" }
wheels = [
    { url = "https://files.pythonhosted.org/packages/1e/d3/26bf1008eb3d2daa8ef4cacc7f3bfdc11818d111f7e2d0201bc6e3b49d45/annotated_doc-0.0.4-py3-none-any.whl", hash = "sha256:571ac1dc6991c450b25a9c2d84a3705e2ae7a53467b5d111c24fa8baabbed320", size = 5303, upload-time = "2025-11-10T22:07:40.673Z" },
]

[[package]]
name = "click"
version = "8.4.1"
source = { registry = "https://pypi.org/simple" }
dependencies = [
    { name = "colorama", marker = "sys_platform == 'win32'" },
]
sdist = { url = "https://files.pythonhosted.org/packages/9b/98/518d8e5081007684232226f475082b30087d0f585e8457db087298259f49/click-8.4.1.tar.gz", hash = "sha256:918b5633eddf6b41c32d4f454bf0de810065c74e3f7dbf8ee5452f8be88d3e96", size = 353007, upload-time = "2026-05-22T04:08:37.769Z" }
wheels = [
    { url = "https://files.pythonhosted.org/packages/c7/0d/67e5b4109ea4a837e80daa87c2c696711955e40449a97e8926672534def2/click-8.4.1-py3-none-any.whl", hash = "sha256:482be17c6991b8c19c5429a1e995d9b0efdbb63172824c41f99965dc0ade8ec2", size = 116639, upload-time = "2026-05-22T04:08:35.26Z" },
]

[[package]]
name = "codehealth"
version = "0.1.0"
source = { editable = "." }
dependencies = [
    { name = "networkx", version = "3.4.2", source = { registry = "https://pypi.org/simple" }, marker = "python_full_version < '3.11'" },
    { name = "networkx", version = "3.6.1", source = { registry = "https://pypi.org/simple" }, marker = "python_full_version >= '3.11'" },
    { name = "pydriller" },
    { name = "radon" },
    { name = "rich" },
    { name = "tree-sitter" },
    { name = "tree-sitter-languages" },
    { name = "typer" },
]

[package.metadata]
requires-dist = [
    { name = "networkx", specifier = ">=3.2.1" },
    { name = "pydriller", specifier = ">=2.6.0" },
    { name = "radon", specifier = ">=6.0.1" },
    { name = "rich", specifier = ">=13.7.1" },
    { name = "tree-sitter", specifier = ">=0.21.3" },
    { name = "tree-sitter-languages", specifier = ">=1.10.2" },
    { name = "typer", specifier = ">=0.12.3" },
]

[[package]]
name = "colorama"
version = "0.4.6"
source = { registry = "https://pypi.org/simple" }
sdist = { url = "https://files.pythonhosted.org/packages/d8/53/6f443c9a4a8358a93a6792e2acffb9d9d5cb0a5cfd8802644b7b1c9a02e4/colorama-0.4.6.tar.gz", hash = "sha256:08695f5cb7ed6e0531a20572697297273c47b8cae5a63ffc6d6ed5c201be6e44", size = 27697, upload-time = "2022-10-25T02:36:22.414Z" }
wheels = [
    { url = "https://files.pythonhosted.org/packages/d1/d6/3965ed04c63042e047cb6a3e6ed1a63a35087b6a609aa3a15ed8ac56c221/colorama-0.4.6-py2.py3-none-any.whl", hash = "sha256:4f1d9991f5acc0ca119f9d443620b77f9d6b33703e51011c16baf57afb285fc6", size = 25335, upload-time = "2022-10-25T02:36:20.889Z" },
]

[[package]]
name = "gitdb"
version = "4.0.12"
source = { registry = "https://pypi.org/simple" }
dependencies = [
    { name = "smmap" },
]
sdist = { url = "https://files.pythonhosted.org/packages/72/94/63b0fc47eb32792c7ba1fe1b694daec9a63620db1e313033d18140c2320a/gitdb-4.0.12.tar.gz", hash = "sha256:5ef71f855d191a3326fcfbc0d5da835f26b13fbcba60c32c21091c349ffdb571", size = 394684, upload-time = "2025-01-02T07:20:46.413Z" }
wheels = [
    { url = "https://files.pythonhosted.org/packages/a0/61/5c78b91c3143ed5c14207f463aecfc8f9dbb5092fb2869baf37c273b2705/gitdb-4.0.12-py3-none-any.whl", hash = "sha256:67073e15955400952c6565cc3e707c554a4eea2e428946f7a4c162fab9bd9bcf", size = 62794, upload-time = "2025-01-02T07:20:43.624Z" },
]

[[package]]
name = "gitpython"
version = "3.1.50"
source = { registry = "https://pypi.org/simple" }
dependencies = [
    { name = "gitdb" },
]
sdist = { url = "https://files.pythonhosted.org/packages/33/f6/354ae6491228b5eb40e10d89c4d13c651fe1cf7556e35ebdded50cff57ce/gitpython-3.1.50.tar.gz", hash = "sha256:80da2d12504d52e1f998772dc5baf6e553f8d2fcfe1fcc226c9d9a2ee3372dcc", size = 219798, upload-time = "2026-05-06T04:01:26.571Z" }
wheels = [
    { url = "https://files.pythonhosted.org/packages/20/7a/1c6e3562dfd8950adbb11ffbc65d21e7c89d01a6e4f137fa981056de25c5/gitpython-3.1.50-py3-none-any.whl", hash = "sha256:d352abe2908d07355014abdd21ddf798c2a961469239afec4962e9da884858f9", size = 212507, upload-time = "2026-05-06T04:01:23.799Z" },
]

[[package]]
name = "lizard"
version = "1.22.1"
source = { registry = "https://pypi.org/simple" }
dependencies = [
    { name = "pathspec" },
    { name = "pygments" },
]
sdist = { url = "https://files.pythonhosted.org/packages/b3/c7/776f75710b0033d69249b45ed571f8a314c1a8980c1d3c64e3c12f541869/lizard-1.22.1.tar.gz", hash = "sha256:29fe26f3746f8539227ba909a6143c749548690271e13a3f73204b22e2e62590", size = 90616, upload-time = "2026-04-23T01:54:30.645Z" }
wheels = [
    { url = "https://files.pythonhosted.org/packages/45/aa/54d9292917f0f9cc684fd053f879e3e8292bf4bc40e984d542dbfe393063/lizard-1.22.1-py2.py3-none-any.whl", hash = "sha256:cc629472d4b031f7692bd7f7e78d2574029008148fba75e45f3592774c8e7420", size = 98713, upload-time = "2026-04-23T01:54:29.008Z" },
]

[[package]]
name = "mando"
version = "0.7.1"
source = { registry = "https://pypi.org/simple" }
dependencies = [
    { name = "six" },
]
sdist = { url = "https://files.pythonhosted.org/packages/35/24/cd70d5ae6d35962be752feccb7dca80b5e0c2d450e995b16abd6275f3296/mando-0.7.1.tar.gz", hash = "sha256:18baa999b4b613faefb00eac4efadcf14f510b59b924b66e08289aa1de8c3500", size = 37868, upload-time = "2022-02-24T08:12:27.316Z" }
wheels = [
    { url = "https://files.pythonhosted.org/packages/d2/f0/834e479e47e499b6478e807fb57b31cc2db696c4db30557bb6f5aea4a90b/mando-0.7.1-py2.py3-none-any.whl", hash = "sha256:26ef1d70928b6057ee3ca12583d73c63e05c49de8972d620c278a7b206581a8a", size = 28149, upload-time = "2022-02-24T08:12:25.24Z" },
]

[[package]]
name = "markdown-it-py"
version = "4.2.0"
source = { registry = "https://pypi.org/simple" }
dependencies = [
    { name = "mdurl" },
]
sdist = { url = "https://files.pythonhosted.org/packages/06/ff/7841249c247aa650a76b9ee4bbaeae59370dc8bfd2f6c01f3630c35eb134/markdown_it_py-4.2.0.tar.gz", hash = "sha256:04a21681d6fbb623de53f6f364d352309d4094dd4194040a10fd51833e418d49", size = 82454, upload-time = "2026-05-07T12:08:28.36Z" }
wheels = [
    { url = "https://files.pythonhosted.org/packages/b3/81/4da04ced5a082363ecfa159c010d200ecbd959ae410c10c0264a38cac0f5/markdown_it_py-4.2.0-py3-none-any.whl", hash = "sha256:9f7ebbcd14fe59494226453aed97c1070d83f8d24b6fc3a3bcf9a38092641c4a", size = 91687, upload-time = "2026-05-07T12:08:27.182Z" },
]

[[package]]
name = "mdurl"
version = "0.1.2"
source = { registry = "https://pypi.org/simple" }
sdist = { url = "https://files.pythonhosted.org/packages/d6/54/cfe61301667036ec958cb99bd3efefba235e65cdeb9c84d24a8293ba1d90/mdurl-0.1.2.tar.gz", hash = "sha256:bb413d29f5eea38f31dd4754dd7377d4465116fb207585f97bf925588687c1ba", size = 8729, upload-time = "2022-08-14T12:40:10.846Z" }
wheels = [
    { url = "https://files.pythonhosted.org/packages/b3/38/89ba8ad64ae25be8de66a6d463314cf1eb366222074cfda9ee839c56a4b4/mdurl-0.1.2-py3-none-any.whl", hash = "sha256:84008a41e51615a49fc9966191ff91509e3c40b939176e643fd50a5c2196b8f8", size = 9979, upload-time = "2022-08-14T12:40:09.779Z" },
]

[[package]]
name = "networkx"
version = "3.4.2"
source = { registry = "https://pypi.org/simple" }
resolution-markers = [
    "python_full_version < '3.11'",
]
sdist = { url = "https://files.pythonhosted.org/packages/fd/1d/06475e1cd5264c0b870ea2cc6fdb3e37177c1e565c43f56ff17a10e3937f/networkx-3.4.2.tar.gz", hash = "sha256:307c3669428c5362aab27c8a1260aa8f47c4e91d3891f48be0141738d8d053e1", size = 2151368, upload-time = "2024-10-21T12:39:38.695Z" }
wheels = [
    { url = "https://files.pythonhosted.org/packages/b9/54/dd730b32ea14ea797530a4479b2ed46a6fb250f682a9cfb997e968bf0261/networkx-3.4.2-py3-none-any.whl", hash = "sha256:df5d4365b724cf81b8c6a7312509d0c22386097011ad1abe274afd5e9d3bbc5f", size = 1723263, upload-time = "2024-10-21T12:39:36.247Z" },
]

[[package]]
name = "networkx"
version = "3.6.1"
source = { registry = "https://pypi.org/simple" }
resolution-markers = [
    "python_full_version >= '3.11'",
]
sdist = { url = "https://files.pythonhosted.org/packages/6a/51/63fe664f3908c97be9d2e4f1158eb633317598cfa6e1fc14af5383f17512/networkx-3.6.1.tar.gz", hash = "sha256:26b7c357accc0c8cde558ad486283728b65b6a95d85ee1cd66bafab4c8168509", size = 2517025, upload-time = "2025-12-08T17:02:39.908Z" }
wheels = [
    { url = "https://files.pythonhosted.org/packages/9e/c9/b2622292ea83fbb4ec318f5b9ab867d0a28ab43c5717bb85b0a5f6b3b0a4/networkx-3.6.1-py3-none-any.whl", hash = "sha256:d47fbf302e7d9cbbb9e2555a0d267983d2aa476bac30e90dfbe5669bd57f3762", size = 2068504, upload-time = "2025-12-08T17:02:38.159Z" },
]

[[package]]
name = "pathspec"
version = "1.1.1"
source = { registry = "https://pypi.org/simple" }
sdist = { url = "https://files.pythonhosted.org/packages/5a/82/42f767fc1c1143d6fd36efb827202a2d997a375e160a71eb2888a925aac1/pathspec-1.1.1.tar.gz", hash = "sha256:17db5ecd524104a120e173814c90367a96a98d07c45b2e10c2f3919fff91bf5a", size = 135180, upload-time = "2026-04-27T01:46:08.907Z" }
wheels = [
    { url = "https://files.pythonhosted.org/packages/f1/d9/7fb5aa316bc299258e68c73ba3bddbc499654a07f151cba08f6153988714/pathspec-1.1.1-py3-none-any.whl", hash = "sha256:a00ce642f577bf7f473932318056212bc4f8bfdf53128c78bbd5af0b9b20b189", size = 57328, upload-time = "2026-04-27T01:46:07.06Z" },
]

[[package]]
name = "pydriller"
version = "2.9"
source = { registry = "https://pypi.org/simple" }
dependencies = [
    { name = "gitpython" },
    { name = "lizard" },
    { name = "pytz" },
    { name = "types-pytz" },
]
wheels = [
    { url = "https://files.pythonhosted.org/packages/7b/c4/5628ff7e934621473a024b668f9081a641fcf607303783a7160c700b6497/PyDriller-2.9-py3-none-any.whl", hash = "sha256:bc4e72ff59ce62f1ee4dec77e44103df62b62b6d5ed90daea75abe2eb16c6ebf", size = 36811, upload-time = "2025-09-06T07:40:12.771Z" },
]

[[package]]
name = "pygments"
version = "2.20.0"
source = { registry = "https://pypi.org/simple" }
sdist = { url = "https://files.pythonhosted.org/packages/c3/b2/bc9c9196916376152d655522fdcebac55e66de6603a76a02bca1b6414f6c/pygments-2.20.0.tar.gz", hash = "sha256:6757cd03768053ff99f3039c1a36d6c0aa0b263438fcab17520b30a303a82b5f", size = 4955991, upload-time = "2026-03-29T13:29:33.898Z" }
wheels = [
    { url = "https://files.pythonhosted.org/packages/f4/7e/a72dd26f3b0f4f2bf1dd8923c85f7ceb43172af56d63c7383eb62b332364/pygments-2.20.0-py3-none-any.whl", hash = "sha256:81a9e26dd42fd28a23a2d169d86d7ac03b46e2f8b59ed4698fb4785f946d0176", size = 1231151, upload-time = "2026-03-29T13:29:30.038Z" },
]

[[package]]
name = "pytz"
version = "2026.2"
source = { registry = "https://pypi.org/simple" }
sdist = { url = "https://files.pythonhosted.org/packages/ff/46/dd499ec9038423421951e4fad73051febaa13d2df82b4064f87af8b8c0c3/pytz-2026.2.tar.gz", hash = "sha256:0e60b47b29f21574376f218fe21abc009894a2321ea16c6754f3cad6eb7cdd6a", size = 320861, upload-time = "2026-05-04T01:35:29.667Z" }
wheels = [
    { url = "https://files.pythonhosted.org/packages/ec/dd/96da98f892250475bdf2328112d7468abdd4acc7b902b6af23f4ed958ea0/pytz-2026.2-py2.py3-none-any.whl", hash = "sha256:04156e608bee23d3792fd45c94ae47fae1036688e75032eea2e3bf0323d1f126", size = 510141, upload-time = "2026-05-04T01:35:27.408Z" },
]

[[package]]
name = "radon"
version = "6.0.1"
source = { registry = "https://pypi.org/simple" }
dependencies = [
    { name = "colorama" },
    { name = "mando" },
]
sdist = { url = "https://files.pythonhosted.org/packages/b1/6d/98e61600febf6bd929cf04154537c39dc577ce414bafbfc24a286c4fa76d/radon-6.0.1.tar.gz", hash = "sha256:d1ac0053943a893878940fedc8b19ace70386fc9c9bf0a09229a44125ebf45b5", size = 1874992, upload-time = "2023-03-26T06:24:38.868Z" }
wheels = [
    { url = "https://files.pythonhosted.org/packages/93/f7/d00d9b4a0313a6be3a3e0818e6375e15da6d7076f4ae47d1324e7ca986a1/radon-6.0.1-py2.py3-none-any.whl", hash = "sha256:632cc032364a6f8bb1010a2f6a12d0f14bc7e5ede76585ef29dc0cecf4cd8859", size = 52784, upload-time = "2023-03-26T06:24:33.949Z" },
]

[[package]]
name = "rich"
version = "15.0.0"
source = { registry = "https://pypi.org/simple" }
dependencies = [
    { name = "markdown-it-py" },
    { name = "pygments" },
]
sdist = { url = "https://files.pythonhosted.org/packages/c0/8f/0722ca900cc807c13a6a0c696dacf35430f72e0ec571c4275d2371fca3e9/rich-15.0.0.tar.gz", hash = "sha256:edd07a4824c6b40189fb7ac9bc4c52536e9780fbbfbddf6f1e2502c31b068c36", size = 230680, upload-time = "2026-04-12T08:24:00.75Z" }
wheels = [
    { url = "https://files.pythonhosted.org/packages/82/3b/64d4899d73f91ba49a8c18a8ff3f0ea8f1c1d75481760df8c68ef5235bf5/rich-15.0.0-py3-none-any.whl", hash = "sha256:33bd4ef74232fb73fe9279a257718407f169c09b78a87ad3d296f548e27de0bb", size = 310654, upload-time = "2026-04-12T08:24:02.83Z" },
]

[[package]]
name = "shellingham"
version = "1.5.4"
source = { registry = "https://pypi.org/simple" }
sdist = { url = "https://files.pythonhosted.org/packages/58/15/8b3609fd3830ef7b27b655beb4b4e9c62313a4e8da8c676e142cc210d58e/shellingham-1.5.4.tar.gz", hash = "sha256:8dbca0739d487e5bd35ab3ca4b36e11c4078f3a234bfce294b0a0291363404de", size = 10310, upload-time = "2023-10-24T04:13:40.426Z" }
wheels = [
    { url = "https://files.pythonhosted.org/packages/e0/f9/0595336914c5619e5f28a1fb793285925a8cd4b432c9da0a987836c7f822/shellingham-1.5.4-py2.py3-none-any.whl", hash = "sha256:7ecfff8f2fd72616f7481040475a65b2bf8af90a56c89140852d1120324e8686", size = 9755, upload-time = "2023-10-24T04:13:38.866Z" },
]

[[package]]
name = "six"
version = "1.17.0"
source = { registry = "https://pypi.org/simple" }
sdist = { url = "https://files.pythonhosted.org/packages/94/e7/b2c673351809dca68a0e064b6af791aa332cf192da575fd474ed7d6f16a2/six-1.17.0.tar.gz", hash = "sha256:ff70335d468e7eb6ec65b95b99d3a2836546063f63acc5171de367e834932a81", size = 34031, upload-time = "2024-12-04T17:35:28.174Z" }
wheels = [
    { url = "https://files.pythonhosted.org/packages/b7/ce/149a00dd41f10bc29e5921b496af8b574d8413afcd5e30dfa0ed46c2cc5e/six-1.17.0-py2.py3-none-any.whl", hash = "sha256:4721f391ed90541fddacab5acf947aa0d3dc7d27b2e1e8eda2be8970586c3274", size = 11050, upload-time = "2024-12-04T17:35:26.475Z" },
]

[[package]]
name = "smmap"
version = "5.0.3"
source = { registry = "https://pypi.org/simple" }
sdist = { url = "https://files.pythonhosted.org/packages/1f/ea/49c993d6dfdd7338c9b1000a0f36817ed7ec84577ae2e52f890d1a4ff909/smmap-5.0.3.tar.gz", hash = "sha256:4d9debb8b99007ae47165abc08670bd74cb74b5227dda7f643eccc4e9eb5642c", size = 22506, upload-time = "2026-03-09T03:43:26.1Z" }
wheels = [
    { url = "https://files.pythonhosted.org/packages/c1/d4/59e74daffcb57a07668852eeeb6035af9f32cbfd7a1d2511f17d2fe6a738/smmap-5.0.3-py3-none-any.whl", hash = "sha256:c106e05d5a61449cf6ba9a1e650227ecfb141590d2a98412103ff35d89fc7b2f", size = 24390, upload-time = "2026-03-09T03:43:24.361Z" },
]

[[package]]
name = "tree-sitter"
version = "0.25.2"
source = { registry = "https://pypi.org/simple" }
sdist = { url = "https://files.pythonhosted.org/packages/66/7c/0350cfc47faadc0d3cf7d8237a4e34032b3014ddf4a12ded9933e1648b55/tree-sitter-0.25.2.tar.gz", hash = "sha256:fe43c158555da46723b28b52e058ad444195afd1db3ca7720c59a254544e9c20", size = 177961, upload-time = "2025-09-25T17:37:59.751Z" }
wheels = [
    { url = "https://files.pythonhosted.org/packages/e2/d4/f7ffb855cb039b7568aba4911fbe42e4c39c0e4398387c8e0d8251489992/tree_sitter-0.25.2-cp310-cp310-macosx_10_9_x86_64.whl", hash = "sha256:72a510931c3c25f134aac2daf4eb4feca99ffe37a35896d7150e50ac3eee06c7", size = 146749, upload-time = "2025-09-25T17:37:16.475Z" },
    { url = "https://files.pythonhosted.org/packages/9a/58/f8a107f9f89700c0ab2930f1315e63bdedccbb5fd1b10fcbc5ebadd54ac8/tree_sitter-0.25.2-cp310-cp310-macosx_11_0_arm64.whl", hash = "sha256:44488e0e78146f87baaa009736886516779253d6d6bac3ef636ede72bc6a8234", size = 137766, upload-time = "2025-09-25T17:37:18.138Z" },
    { url = "https://files.pythonhosted.org/packages/19/fb/357158d39f01699faea466e8fd5a849f5a30252c68414bddc20357a9ac79/tree_sitter-0.25.2-cp310-cp310-manylinux2014_aarch64.manylinux_2_17_aarch64.manylinux_2_28_aarch64.whl", hash = "sha256:c2f8e7d6b2f8489d4a9885e3adcaef4bc5ff0a275acd990f120e29c4ab3395c5", size = 599809, upload-time = "2025-09-25T17:37:19.169Z" },
    { url = "https://files.pythonhosted.org/packages/c5/a4/68ae301626f2393a62119481cb660eb93504a524fc741a6f1528a4568cf6/tree_sitter-0.25.2-cp310-cp310-manylinux2014_x86_64.manylinux_2_17_x86_64.manylinux_2_28_x86_64.whl", hash = "sha256:20b570690f87f1da424cd690e51cc56728d21d63f4abd4b326d382a30353acc7", size = 627676, upload-time = "2025-09-25T17:37:20.715Z" },
    { url = "https://files.pythonhosted.org/packages/69/fe/4c1bef37db5ca8b17ca0b3070f2dff509468a50b3af18f17665adcab42b9/tree_sitter-0.25.2-cp310-cp310-musllinux_1_2_x86_64.whl", hash = "sha256:a0ec41b895da717bc218a42a3a7a0bfcfe9a213d7afaa4255353901e0e21f696", size = 624281, upload-time = "2025-09-25T17:37:21.823Z" },
    { url = "https://files.pythonhosted.org/packages/d4/30/3283cb7fa251cae2a0bf8661658021a789810db3ab1b0569482d4a3671fd/tree_sitter-0.25.2-cp310-cp310-win_amd64.whl", hash = "sha256:7712335855b2307a21ae86efe949c76be36c6068d76df34faa27ce9ee40ff444", size = 127295, upload-time = "2025-09-25T17:37:22.977Z" },
    { url = "https://files.pythonhosted.org/packages/88/90/ceb05e6de281aebe82b68662890619580d4ffe09283ebd2ceabcf5df7b4a/tree_sitter-0.25.2-cp310-cp310-win_arm64.whl", hash = "sha256:a925364eb7fbb9cdce55a9868f7525a1905af512a559303bd54ef468fd88cb37", size = 113991, upload-time = "2025-09-25T17:37:23.854Z" },
    { url = "https://files.pythonhosted.org/packages/7c/22/88a1e00b906d26fa8a075dd19c6c3116997cb884bf1b3c023deb065a344d/tree_sitter-0.25.2-cp311-cp311-macosx_10_9_x86_64.whl", hash = "sha256:b8ca72d841215b6573ed0655b3a5cd1133f9b69a6fa561aecad40dca9029d75b", size = 146752, upload-time = "2025-09-25T17:37:24.775Z" },
    { url = "https://files.pythonhosted.org/packages/57/1c/22cc14f3910017b7a76d7358df5cd315a84fe0c7f6f7b443b49db2e2790d/tree_sitter-0.25.2-cp311-cp311-macosx_11_0_arm64.whl", hash = "sha256:cc0351cfe5022cec5a77645f647f92a936b38850346ed3f6d6babfbeeeca4d26", size = 137765, upload-time = "2025-09-25T17:37:26.103Z" },
    { url = "https://files.pythonhosted.org/packages/1c/0c/d0de46ded7d5b34631e0f630d9866dab22d3183195bf0f3b81de406d6622/tree_sitter-0.25.2-cp311-cp311-manylinux2014_aarch64.manylinux_2_17_aarch64.manylinux_2_28_aarch64.whl", hash = "sha256:1799609636c0193e16c38f366bda5af15b1ce476df79ddaae7dd274df9e44266", size = 604643, upload-time = "2025-09-25T17:37:27.398Z" },
    { url = "https://files.pythonhosted.org/packages/34/38/b735a58c1c2f60a168a678ca27b4c1a9df725d0bf2d1a8a1c571c033111e/tree_sitter-0.25.2-cp311-cp311-manylinux2014_x86_64.manylinux_2_17_x86_64.manylinux_2_28_x86_64.whl", hash = "sha256:3e65ae456ad0d210ee71a89ee112ac7e72e6c2e5aac1b95846ecc7afa68a194c", size = 632229, upload-time = "2025-09-25T17:37:28.463Z" },
    { url = "https://files.pythonhosted.org/packages/32/f6/cda1e1e6cbff5e28d8433578e2556d7ba0b0209d95a796128155b97e7693/tree_sitter-0.25.2-cp311-cp311-musllinux_1_2_x86_64.whl", hash = "sha256:49ee3c348caa459244ec437ccc7ff3831f35977d143f65311572b8ba0a5f265f", size = 629861, upload-time = "2025-09-25T17:37:29.593Z" },
    { url = "https://files.pythonhosted.org/packages/f9/19/427e5943b276a0dd74c2a1f1d7a7393443f13d1ee47dedb3f8127903c080/tree_sitter-0.25.2-cp311-cp311-win_amd64.whl", hash = "sha256:56ac6602c7d09c2c507c55e58dc7026b8988e0475bd0002f8a386cce5e8e8adc", size = 127304, upload-time = "2025-09-25T17:37:30.549Z" },
    { url = "https://files.pythonhosted.org/packages/eb/d9/eef856dc15f784d85d1397a17f3ee0f82df7778efce9e1961203abfe376a/tree_sitter-0.25.2-cp311-cp311-win_arm64.whl", hash = "sha256:b3d11a3a3ac89bb8a2543d75597f905a9926f9c806f40fcca8242922d1cc6ad5", size = 113990, upload-time = "2025-09-25T17:37:31.852Z" },
    { url = "https://files.pythonhosted.org/packages/3c/9e/20c2a00a862f1c2897a436b17edb774e831b22218083b459d0d081c9db33/tree_sitter-0.25.2-cp312-cp312-macosx_10_13_x86_64.whl", hash = "sha256:ddabfff809ffc983fc9963455ba1cecc90295803e06e140a4c83e94c1fa3d960", size = 146941, upload-time = "2025-09-25T17:37:34.813Z" },
    { url = "https://files.pythonhosted.org/packages/ef/04/8512e2062e652a1016e840ce36ba1cc33258b0dcc4e500d8089b4054afec/tree_sitter-0.25.2-cp312-cp312-macosx_11_0_arm64.whl", hash = "sha256:c0c0ab5f94938a23fe81928a21cc0fac44143133ccc4eb7eeb1b92f84748331c", size = 137699, upload-time = "2025-09-25T17:37:36.349Z" },
    { url = "https://files.pythonhosted.org/packages/47/8a/d48c0414db19307b0fb3bb10d76a3a0cbe275bb293f145ee7fba2abd668e/tree_sitter-0.25.2-cp312-cp312-manylinux2014_aarch64.manylinux_2_17_aarch64.manylinux_2_28_aarch64.whl", hash = "sha256:dd12d80d91d4114ca097626eb82714618dcdfacd6a5e0955216c6485c350ef99", size = 607125, upload-time = "2025-09-25T17:37:37.725Z" },
    { url = "https://files.pythonhosted.org/packages/39/d1/b95f545e9fc5001b8a78636ef942a4e4e536580caa6a99e73dd0a02e87aa/tree_sitter-0.25.2-cp312-cp312-manylinux2014_x86_64.manylinux_2_17_x86_64.manylinux_2_28_x86_64.whl", hash = "sha256:b43a9e4c89d4d0839de27cd4d6902d33396de700e9ff4c5ab7631f277a85ead9", size = 635418, upload-time = "2025-09-25T17:37:38.922Z" },
    { url = "https://files.pythonhosted.org/packages/de/4d/b734bde3fb6f3513a010fa91f1f2875442cdc0382d6a949005cd84563d8f/tree_sitter-0.25.2-cp312-cp312-musllinux_1_2_x86_64.whl", hash = "sha256:fbb1706407c0e451c4f8cc016fec27d72d4b211fdd3173320b1ada7a6c74c3ac", size = 631250, upload-time = "2025-09-25T17:37:40.039Z" },
    { url = "https://files.pythonhosted.org/packages/46/f2/5f654994f36d10c64d50a192239599fcae46677491c8dd53e7579c35a3e3/tree_sitter-0.25.2-cp312-cp312-win_amd64.whl", hash = "sha256:6d0302550bbe4620a5dc7649517c4409d74ef18558276ce758419cf09e578897", size = 127156, upload-time = "2025-09-25T17:37:41.132Z" },
    { url = "https://files.pythonhosted.org/packages/67/23/148c468d410efcf0a9535272d81c258d840c27b34781d625f1f627e2e27d/tree_sitter-0.25.2-cp312-cp312-win_arm64.whl", hash = "sha256:0c8b6682cac77e37cfe5cf7ec388844957f48b7bd8d6321d0ca2d852994e10d5", size = 113984, upload-time = "2025-09-25T17:37:42.074Z" },
    { url = "https://files.pythonhosted.org/packages/8c/67/67492014ce32729b63d7ef318a19f9cfedd855d677de5773476caf771e96/tree_sitter-0.25.2-cp313-cp313-macosx_10_13_x86_64.whl", hash = "sha256:0628671f0de69bb279558ef6b640bcfc97864fe0026d840f872728a86cd6b6cd", size = 146926, upload-time = "2025-09-25T17:37:43.041Z" },
    { url = "https://files.pythonhosted.org/packages/4e/9c/a278b15e6b263e86c5e301c82a60923fa7c59d44f78d7a110a89a413e640/tree_sitter-0.25.2-cp313-cp313-macosx_11_0_arm64.whl", hash = "sha256:f5ddcd3e291a749b62521f71fc953f66f5fd9743973fd6dd962b092773569601", size = 137712, upload-time = "2025-09-25T17:37:44.039Z" },
    { url = "https://files.pythonhosted.org/packages/54/9a/423bba15d2bf6473ba67846ba5244b988cd97a4b1ea2b146822162256794/tree_sitter-0.25.2-cp313-cp313-manylinux2014_aarch64.manylinux_2_17_aarch64.manylinux_2_28_aarch64.whl", hash = "sha256:bd88fbb0f6c3a0f28f0a68d72df88e9755cf5215bae146f5a1bdc8362b772053", size = 607873, upload-time = "2025-09-25T17:37:45.477Z" },
    { url = "https://files.pythonhosted.org/packages/ed/4c/b430d2cb43f8badfb3a3fa9d6cd7c8247698187b5674008c9d67b2a90c8e/tree_sitter-0.25.2-cp313-cp313-manylinux2014_x86_64.manylinux_2_17_x86_64.manylinux_2_28_x86_64.whl", hash = "sha256:b878e296e63661c8e124177cc3084b041ba3f5936b43076d57c487822426f614", size = 636313, upload-time = "2025-09-25T17:37:46.68Z" },
    { url = "https://files.pythonhosted.org/packages/9d/27/5f97098dbba807331d666a0997662e82d066e84b17d92efab575d283822f/tree_sitter-0.25.2-cp313-cp313-musllinux_1_2_x86_64.whl", hash = "sha256:d77605e0d353ba3fe5627e5490f0fbfe44141bafa4478d88ef7954a61a848dae", size = 631370, upload-time = "2025-09-25T17:37:47.993Z" },
    { url = "https://files.pythonhosted.org/packages/d4/3c/87caaed663fabc35e18dc704cd0e9800a0ee2f22bd18b9cbe7c10799895d/tree_sitter-0.25.2-cp313-cp313-win_amd64.whl", hash = "sha256:463c032bd02052d934daa5f45d183e0521ceb783c2548501cf034b0beba92c9b", size = 127157, upload-time = "2025-09-25T17:37:48.967Z" },
    { url = "https://files.pythonhosted.org/packages/d5/23/f8467b408b7988aff4ea40946a4bd1a2c1a73d17156a9d039bbaff1e2ceb/tree_sitter-0.25.2-cp313-cp313-win_arm64.whl", hash = "sha256:b3f63a1796886249bd22c559a5944d64d05d43f2be72961624278eff0dcc5cb8", size = 113975, upload-time = "2025-09-25T17:37:49.922Z" },
    { url = "https://files.pythonhosted.org/packages/07/e3/d9526ba71dfbbe4eba5e51d89432b4b333a49a1e70712aa5590cd22fc74f/tree_sitter-0.25.2-cp314-cp314-macosx_10_13_x86_64.whl", hash = "sha256:65d3c931013ea798b502782acab986bbf47ba2c452610ab0776cf4a8ef150fc0", size = 146776, upload-time = "2025-09-25T17:37:50.898Z" },
    { url = "https://files.pythonhosted.org/packages/42/97/4bd4ad97f85a23011dd8a535534bb1035c4e0bac1234d58f438e15cff51f/tree_sitter-0.25.2-cp314-cp314-macosx_11_0_arm64.whl", hash = "sha256:bda059af9d621918efb813b22fb06b3fe00c3e94079c6143fcb2c565eb44cb87", size = 137732, upload-time = "2025-09-25T17:37:51.877Z" },
    { url = "https://files.pythonhosted.org/packages/b6/19/1e968aa0b1b567988ed522f836498a6a9529a74aab15f09dd9ac1e41f505/tree_sitter-0.25.2-cp314-cp314-manylinux2014_aarch64.manylinux_2_17_aarch64.manylinux_2_28_aarch64.whl", hash = "sha256:eac4e8e4c7060c75f395feec46421eb61212cb73998dbe004b7384724f3682ab", size = 609456, upload-time = "2025-09-25T17:37:52.925Z" },
    { url = "https://files.pythonhosted.org/packages/48/b6/cf08f4f20f4c9094006ef8828555484e842fc468827ad6e56011ab668dbd/tree_sitter-0.25.2-cp314-cp314-manylinux2014_x86_64.manylinux_2_17_x86_64.manylinux_2_28_x86_64.whl", hash = "sha256:260586381b23be33b6191a07cea3d44ecbd6c01aa4c6b027a0439145fcbc3358", size = 636772, upload-time = "2025-09-25T17:37:54.647Z" },
    { url = "https://files.pythonhosted.org/packages/57/e2/d42d55bf56360987c32bc7b16adb06744e425670b823fb8a5786a1cea991/tree_sitter-0.25.2-cp314-cp314-musllinux_1_2_x86_64.whl", hash = "sha256:7d2ee1acbacebe50ba0f85fff1bc05e65d877958f00880f49f9b2af38dce1af0", size = 631522, upload-time = "2025-09-25T17:37:55.833Z" },
    { url = "https://files.pythonhosted.org/packages/03/87/af9604ebe275a9345d88c3ace0cf2a1341aa3f8ef49dd9fc11662132df8a/tree_sitter-0.25.2-cp314-cp314-win_amd64.whl", hash = "sha256:4973b718fcadfb04e59e746abfbb0288694159c6aeecd2add59320c03368c721", size = 130864, upload-time = "2025-09-25T17:37:57.453Z" },
    { url = "https://files.pythonhosted.org/packages/a6/6e/e64621037357acb83d912276ffd30a859ef117f9c680f2e3cb955f47c680/tree_sitter-0.25.2-cp314-cp314-win_arm64.whl", hash = "sha256:b8d4429954a3beb3e844e2872610d2a4800ba4eb42bb1990c6a4b1949b18459f", size = 117470, upload-time = "2025-09-25T17:37:58.431Z" },
]

[[package]]
name = "tree-sitter-languages"
version = "1.10.2"
source = { registry = "https://pypi.org/simple" }
dependencies = [
    { name = "tree-sitter" },
]
wheels = [
    { url = "https://files.pythonhosted.org/packages/38/9c/2f92455805ce8e236c5e5f5b5bc9ef158da798dea575ab3e835d8c17a202/tree_sitter_languages-1.10.2-cp310-cp310-macosx_10_9_x86_64.whl", hash = "sha256:5580348f0b20233b1d5431fa178ccd3d07423ca4a3275df02a44608fd72344b9", size = 8884873, upload-time = "2024-02-04T10:27:51.698Z" },
    { url = "https://files.pythonhosted.org/packages/62/ef/e5a182b77574b7512207687fce7798ecbfb3f53ed77714aae8a7d6da93de/tree_sitter_languages-1.10.2-cp310-cp310-macosx_11_0_arm64.whl", hash = "sha256:103c7466644486b1e9e03850df46fc6aa12f13ca636c74f173270276220ac80b", size = 9724674, upload-time = "2024-02-04T10:27:54.337Z" },
    { url = "https://files.pythonhosted.org/packages/2a/75/232f09adfc28a4ce15187e4fc6be897dcebdd674644e40d9851a0d001f9f/tree_sitter_languages-1.10.2-cp310-cp310-manylinux_2_17_aarch64.manylinux2014_aarch64.whl", hash = "sha256:d13db84511c6f1a7dc40383b66deafa74dabd8b877e3d65ab253f3719eccafd6", size = 8657413, upload-time = "2024-02-04T10:27:56.698Z" },
    { url = "https://files.pythonhosted.org/packages/00/d2/9c545781301d70eadd9d71971b81302e00a532d48118fa989bf8ed06edbc/tree_sitter_languages-1.10.2-cp310-cp310-manylinux_2_17_i686.manylinux2014_i686.whl", hash = "sha256:57adfa32be7e465b54aa72f915f6c78a2b66b227df4f656b5d4fbd1ca7a92b3f", size = 8573558, upload-time = "2024-02-04T10:27:59.294Z" },
    { url = "https://files.pythonhosted.org/packages/f4/86/b50a1a5cc7058bf572acceb8b005c77e2f43b06a13fdb7a52c38b0f8e6fa/tree_sitter_languages-1.10.2-cp310-cp310-manylinux_2_17_x86_64.manylinux2014_x86_64.whl", hash = "sha256:1c6385e033e460ceb8f33f3f940335f422ef2b763700a04f0089391a68b56153", size = 8411835, upload-time = "2024-02-04T10:28:01.62Z" },
    { url = "https://files.pythonhosted.org/packages/75/53/8f8dc25352d05e875502dc976bfd52d6779e58546307161d214a0d24edde/tree_sitter_languages-1.10.2-cp310-cp310-musllinux_1_1_aarch64.whl", hash = "sha256:dfa3f38cc5381c5aba01dd7494f59b8a9050e82ff6e06e1233e3a0cbae297e3c", size = 9179903, upload-time = "2024-02-04T10:28:04.258Z" },
    { url = "https://files.pythonhosted.org/packages/65/c5/479e8a365cf0e075fc6d867b29299159af272ae470452a4034220c20bf53/tree_sitter_languages-1.10.2-cp310-cp310-musllinux_1_1_i686.whl", hash = "sha256:9f195155acf47f8bc5de7cee46ecd07b2f5697f007ba89435b51ef4c0b953ea5", size = 9160956, upload-time = "2024-02-04T10:28:06.572Z" },
    { url = "https://files.pythonhosted.org/packages/14/5b/a1611f43d5fc599fc66d1458481e12a35d181515220737d8b14444687dfb/tree_sitter_languages-1.10.2-cp310-cp310-musllinux_1_1_x86_64.whl", hash = "sha256:2de330e2ac6d7426ca025a3ec0f10d5640c3682c1d0c7702e812dcfb44b58120", size = 8939624, upload-time = "2024-02-04T10:28:08.709Z" },
    { url = "https://files.pythonhosted.org/packages/e5/a1/e9eb4f520b5892bc8527592c0b3faba5fd1bf9203fc28a10999a612b1087/tree_sitter_languages-1.10.2-cp310-cp310-win32.whl", hash = "sha256:c9731cf745f135d9770eeba9bb4e2ff4dabc107b5ae9b8211e919f6b9100ea6d", size = 8363452, upload-time = "2024-02-04T10:28:10.871Z" },
    { url = "https://files.pythonhosted.org/packages/52/98/3d862efe888da3f414ef050b0e25932f6ebf1ab2149bbdd68c94391e814e/tree_sitter_languages-1.10.2-cp310-cp310-win_amd64.whl", hash = "sha256:6dd75851c41d0c3c4987a9b7692d90fa8848706c23115669d8224ffd6571e357", size = 8268967, upload-time = "2024-02-04T10:28:13.331Z" },
    { url = "https://files.pythonhosted.org/packages/24/6c/c310e958296ce12076bec846c0bb779bc114897b33901c4c51c09bb6b695/tree_sitter_languages-1.10.2-cp311-cp311-macosx_10_9_x86_64.whl", hash = "sha256:7eb7d7542b2091c875fe52719209631fca36f8c10fa66970d2c576ae6a1b8289", size = 8884893, upload-time = "2024-02-04T10:28:14.963Z" },
    { url = "https://files.pythonhosted.org/packages/65/82/183b039abe46d6753357019b4f0484d5b74973ee4675da2f26af5ba8dfdf/tree_sitter_languages-1.10.2-cp311-cp311-macosx_11_0_arm64.whl", hash = "sha256:6b41bcb00974b1c8a1800c7f1bb476a1d15a0463e760ee24872f2d53b08ee424", size = 9724629, upload-time = "2024-02-04T10:28:17.776Z" },
    { url = "https://files.pythonhosted.org/packages/ba/a2/e8272617901f896ae36459ed2a2ff06d9b1ff5e6157d034c5e2c9885c741/tree_sitter_languages-1.10.2-cp311-cp311-manylinux_2_17_aarch64.manylinux2014_aarch64.whl", hash = "sha256:6f370cd7845c6c81df05680d5bd96db8a99d32b56f4728c5d05978911130a853", size = 8669175, upload-time = "2024-02-04T10:28:19.819Z" },
    { url = "https://files.pythonhosted.org/packages/a6/97/2c72765a807ea226759a827324ed6a74382b4ae1b18321c67333199a4622/tree_sitter_languages-1.10.2-cp311-cp311-manylinux_2_17_i686.manylinux2014_i686.whl", hash = "sha256:a1dc195c88ef4c72607e112a809a69190e096a2e5ebc6201548b3e05fdd169ad", size = 8584029, upload-time = "2024-02-04T10:28:22.464Z" },
    { url = "https://files.pythonhosted.org/packages/96/81/ab4eda8dbd3f736fcc9a508bc69232d3b9076cd46b932d9bf9d49b9a1ec9/tree_sitter_languages-1.10.2-cp311-cp311-manylinux_2_17_x86_64.manylinux2014_x86_64.whl", hash = "sha256:9ae34ac314a7170be24998a0f994c1ac80761d8d4bd126af27ee53a023d3b849", size = 8422544, upload-time = "2024-02-04T10:28:25.104Z" },
    { url = "https://files.pythonhosted.org/packages/80/35/9af34d7259399179ecc2a9f8e73a795c1caf3220b01d566c3ddd20ed5e1c/tree_sitter_languages-1.10.2-cp311-cp311-musllinux_1_1_aarch64.whl", hash = "sha256:01b5742d5f5bd675489486b582bd482215880b26dde042c067f8265a6e925d9c", size = 9186540, upload-time = "2024-02-04T10:28:27.322Z" },
    { url = "https://files.pythonhosted.org/packages/a7/24/3e3d5a83578f9942ab882c9c89e757fd3e98ca7d68f7608c9702d8608a1c/tree_sitter_languages-1.10.2-cp311-cp311-musllinux_1_1_i686.whl", hash = "sha256:ab1cbc46244d34fd16f21edaa20231b2a57f09f092a06ee3d469f3117e6eb954", size = 9166371, upload-time = "2024-02-04T10:28:29.953Z" },
    { url = "https://files.pythonhosted.org/packages/f2/81/7792b474916541081533942598feaabc6e1df993892375a1a3d8f7100483/tree_sitter_languages-1.10.2-cp311-cp311-musllinux_1_1_x86_64.whl", hash = "sha256:0b1149e7467a4e92b8a70e6005fe762f880f493cf811fc003554b29f04f5e7c8", size = 8945341, upload-time = "2024-02-04T10:28:32.696Z" },
    { url = "https://files.pythonhosted.org/packages/6d/80/5e9679325e260cce2893b4a97a3914d5ed729024bb9b08a32d9b0d83ef7a/tree_sitter_languages-1.10.2-cp311-cp311-win32.whl", hash = "sha256:049276343962f4696390ee555acc2c1a65873270c66a6cbe5cb0bca83bcdf3c6", size = 8363372, upload-time = "2024-02-04T10:28:34.907Z" },
    { url = "https://files.pythonhosted.org/packages/d9/52/e122dfc6739664c963a62f4b6717853e86295659c8531e2f1842bad9aba5/tree_sitter_languages-1.10.2-cp311-cp311-win_amd64.whl", hash = "sha256:7f3fdd468a577f04db3b63454d939e26e360229b53c80361920aa1ebf2cd7491", size = 8269020, upload-time = "2024-02-04T10:28:37.43Z" },
    { url = "https://files.pythonhosted.org/packages/8d/bf/a9bd2d6ecbd053de0a5a50c150105b69c90eb49089f9e1d4fc4937e86adc/tree_sitter_languages-1.10.2-cp312-cp312-macosx_10_9_x86_64.whl", hash = "sha256:c0f4c8b2734c45859edc7fcaaeaab97a074114111b5ba51ab4ec7ed52104763c", size = 8884771, upload-time = "2024-02-04T10:28:39.655Z" },
    { url = "https://files.pythonhosted.org/packages/14/fb/1f6fe5903aeb7435cc66d4b56621e9a30a4de64420555b999de65b31fcae/tree_sitter_languages-1.10.2-cp312-cp312-macosx_11_0_arm64.whl", hash = "sha256:eecd3c1244ac3425b7a82ba9125b4ddb45d953bbe61de114c0334fd89b7fe782", size = 9724562, upload-time = "2024-02-04T10:28:42.275Z" },
    { url = "https://files.pythonhosted.org/packages/20/6c/1855a65c9d6b50600f7a68e0182153db7cb12ff81fdebd93e87851dfdd8f/tree_sitter_languages-1.10.2-cp312-cp312-manylinux_2_17_aarch64.manylinux2014_aarch64.whl", hash = "sha256:15db3c8510bc39a80147ee7421bf4782c15c09581c1dc2237ea89cefbd95b846", size = 8678682, upload-time = "2024-02-04T10:28:44.642Z" },
    { url = "https://files.pythonhosted.org/packages/d0/75/eff180f187ce4dc3e5177b3f8508e0061ea786ac44f409cf69cf24bf31a6/tree_sitter_languages-1.10.2-cp312-cp312-manylinux_2_17_i686.manylinux2014_i686.whl", hash = "sha256:92c6487a6feea683154d3e06e6db68c30e0ae749a7ce4ce90b9e4e46b78c85c7", size = 8595099, upload-time = "2024-02-04T10:28:47.767Z" },
    { url = "https://files.pythonhosted.org/packages/f2/e6/eddc76ad899d77adcb5fca6cdf651eb1d33b4a799456bf303540f6cf8204/tree_sitter_languages-1.10.2-cp312-cp312-manylinux_2_17_x86_64.manylinux2014_x86_64.whl", hash = "sha256:6d2f1cd1d1bdd65332f9c2b67d49dcf148cf1ded752851d159ac3e5ee4f4d260", size = 8433569, upload-time = "2024-02-04T10:28:50.404Z" },
    { url = "https://files.pythonhosted.org/packages/06/95/a13da048c33a876d0475974484bf66b1fae07226e8654b1365ab549309cd/tree_sitter_languages-1.10.2-cp312-cp312-musllinux_1_1_aarch64.whl", hash = "sha256:976c8039165b8e12f17a01ddee9f4e23ec6e352b165ad29b44d2bf04e2fbe77e", size = 9196003, upload-time = "2024-02-04T10:28:52.466Z" },
    { url = "https://files.pythonhosted.org/packages/ec/13/9e5cb03914d60dd51047ecbfab5400309fbab14bb25014af388f492da044/tree_sitter_languages-1.10.2-cp312-cp312-musllinux_1_1_i686.whl", hash = "sha256:dafbbdf16bf668a580902e1620f4baa1913e79438abcce721a50647564c687b9", size = 9175560, upload-time = "2024-02-04T10:28:55.064Z" },
    { url = "https://files.pythonhosted.org/packages/19/76/25bb32a9be1c476e388835d5c8de5af2920af055e295770003683896cfe2/tree_sitter_languages-1.10.2-cp312-cp312-musllinux_1_1_x86_64.whl", hash = "sha256:1aeabd3d60d6d276b73cd8f3739d595b1299d123cc079a317f1a5b3c5461e2ca", size = 8956249, upload-time = "2024-02-04T10:28:57.094Z" },
    { url = "https://files.pythonhosted.org/packages/52/01/8e2f97a444d25dde1380ec20b338722f733b6cc290524357b1be3dd452ab/tree_sitter_languages-1.10.2-cp312-cp312-win32.whl", hash = "sha256:fab8ee641914098e8933b87ea3d657bea4dd00723c1ee7038b847b12eeeef4f5", size = 8363094, upload-time = "2024-02-04T10:28:59.156Z" },
    { url = "https://files.pythonhosted.org/packages/47/58/0262e875dd899447476a8ffde7829df3716ffa772990095c65d6de1f053c/tree_sitter_languages-1.10.2-cp312-cp312-win_amd64.whl", hash = "sha256:5e606430d736367e5787fa5a7a0c5a1ec9b85eded0b3596bbc0d83532a40810b", size = 8268983, upload-time = "2024-02-04T10:29:00.987Z" },
]

[[package]]
name = "typer"
version = "0.25.1"
source = { registry = "https://pypi.org/simple" }
dependencies = [
    { name = "annotated-doc" },
    { name = "click" },
    { name = "rich" },
    { name = "shellingham" },
]
sdist = { url = "https://files.pythonhosted.org/packages/e4/51/9aed62104cea109b820bbd6c14245af756112017d309da813ef107d42e7e/typer-0.25.1.tar.gz", hash = "sha256:9616eb8853a09ffeabab1698952f33c6f29ffdbceb4eaeecf571880e8d7664cc", size = 122276, upload-time = "2026-04-30T19:32:16.964Z" }
wheels = [
    { url = "https://files.pythonhosted.org/packages/3f/f9/2b3ff4e56e5fa7debfaf9eb135d0da96f3e9a1d5b27222223c7296336e5f/typer-0.25.1-py3-none-any.whl", hash = "sha256:75caa44ed46a03fb2dab8808753ffacdbfea88495e74c85a28c5eefcf5f39c89", size = 58409, upload-time = "2026-04-30T19:32:18.271Z" },
]

[[package]]
name = "types-pytz"
version = "2026.2.0.20260518"
source = { registry = "https://pypi.org/simple" }
sdist = { url = "https://files.pythonhosted.org/packages/9f/d9/9fa4019d2235bd374293e1fd4153879b28b6ae1d2bae98addd352c9713f2/types_pytz-2026.2.0.20260518.tar.gz", hash = "sha256:e5d254329e9c4e91f0781b22c43a4bb2d10bb044d97b24c4b05d45567b0eae16", size = 10871, upload-time = "2026-05-18T06:02:45.789Z" }
wheels = [
    { url = "https://files.pythonhosted.org/packages/62/89/41e80670779a223d8bc8bc83019a619988cfa5c432cedac5cec23884fbc4/types_pytz-2026.2.0.20260518-py3-none-any.whl", hash = "sha256:3a12eaa38f476bd650902a9c9bb442f03f3c7dee2be5c5848bce61bd708d205a", size = 10125, upload-time = "2026-05-18T06:02:44.968Z" },
]
